<?xml version="1.0" encoding="utf-8"?>
<Project ToolsVersion="4.0" xmlns="http://schemas.microsoft.com/developer/msbuild/2003">
  <ItemGroup>
    <ClCompile Include="Audio\AudioEngine.cpp" />
    <ClCompile Include="GameObjects\Box.cpp" />
    <ClCompile Include="GameObjects\GameObject.cpp" />
    <ClCompile Include="GameObjects\GameObjectManager.cpp" />
    <ClCompile Include="GameObjects\Player.cpp" />
    <ClCompile Include="GameObjects\LightSphere.cpp" />
    <ClCompile Include="Graphics\Framebuffer.cpp" />
    <ClCompile Include="Graphics\GLinit.cpp" />
    <ClCompile Include="Graphics\LightManager.cpp" />
    <ClCompile Include="Graphics\Mesh.cpp" />
    <ClCompile Include="Graphics\MeshMap.cpp" />
    <ClCompile Include="Graphics\Renderer.cpp" />
    <ClCompile Include="Parser\ParserData.cpp" />
    <ClCompile Include="Graphics\Shader.cpp" />
    <ClCompile Include="Graphics\ShaderMap.cpp" />
    <ClCompile Include="System\Application.cpp" />
    <ClCompile Include="System\Input.cpp" />
    <ClCompile Include="System\Log.cpp" />
    <ClCompile Include="States\MenuState.cpp" />
    <ClCompile Include="States\PlayState.cpp" />
    <ClCompile Include="States\StateManager.cpp" />
    <ClCompile Include="Parser\Parser.cpp" />
    <ClCompile Include="Utility\Camera.cpp" />
    <ClCompile Include="Vendor\ImGui\imgui.cpp" />
    <ClCompile Include="Vendor\ImGui\imgui_demo.cpp" />
    <ClCompile Include="Vendor\ImGui\imgui_draw.cpp" />
    <ClCompile Include="Vendor\ImGui\imgui_impl_glfw.cpp" />
    <ClCompile Include="Vendor\ImGui\imgui_impl_opengl3.cpp" />
    <ClCompile Include="Vendor\ImGui\imgui_widgets.cpp" />
    <ClCompile Include="Vendor\stb\stb_image.cpp" />
    <ClCompile Include="Collision\AABB.cpp" />
    <ClCompile Include="Audio\AudioEngine.cpp" />
    <ClCompile Include="GameObjects\Player.cpp" />
    <ClCompile Include="Graphics\Framebuffer.cpp" />
    <ClCompile Include="Graphics\LightManager.cpp" />
    <ClCompile Include="GameObjects\LightSphere.cpp" />
    <ClCompile Include="GameObjects\Room.cpp" />
    <ClCompile Include="GameObjects\Enemies\Walker.cpp" />
    <ClCompile Include="GameObjects\Enemies\Shooter.cpp" />
    <ClCompile Include="Graphics\Effects.cpp" />
    <ClCompile Include="Graphics\Emitter.cpp" />
    <ClCompile Include="UserInterface\Button.cpp" />
    <ClCompile Include="Utility\UICamera.cpp" />
    <ClCompile Include="UserInterface\UIManager.cpp" />
    <ClCompile Include="UserInterface\Image.cpp" />
    <ClCompile Include="FbxImporter\FBXBinReader.cpp" />
    <ClCompile Include="FbxImporter\FBXParser.cpp" />
  </ItemGroup>
  <ItemGroup>
    <ClInclude Include="Audio\AudioEngine.h" />
    <ClInclude Include="GameObjects\Box.h" />
    <ClInclude Include="GameObjects\GameObject.h" />
    <ClInclude Include="GameObjects\GameObjectManager.h" />
    <ClInclude Include="GameObjects\Player.h" />
    <ClInclude Include="GameObjects\LightSphere.h" />
    <ClInclude Include="Globals\Paths.h" />
    <ClInclude Include="Globals\Settings.h" />
    <ClInclude Include="Graphics\Framebuffer.h" />
    <ClInclude Include="Graphics\GLinit.h" />
    <ClInclude Include="Graphics\LightManager.h" />
    <ClInclude Include="Graphics\Mesh.h" />
    <ClInclude Include="Graphics\MeshMap.h" />
    <ClInclude Include="Graphics\Renderer.h" />
    <ClInclude Include="Parser\ParserData.h" />
    <ClInclude Include="Graphics\Shader.h" />
    <ClInclude Include="Graphics\ShaderMap.h" />
    <ClInclude Include="System\Application.h" />
    <ClInclude Include="System\Input.h" />
    <ClInclude Include="States\MenuState.h" />
    <ClInclude Include="States\PlayState.h" />
    <ClInclude Include="States\State.h" />
    <ClInclude Include="States\StateManager.h" />
    <ClInclude Include="System\Log.h" />
    <ClInclude Include="Parser\Parser.h" />
    <ClInclude Include="Utility\Camera.h" />
    <ClInclude Include="Utility\Ray.h" />
    <ClInclude Include="Vendor\ImGui\imconfig.h" />
    <ClInclude Include="Vendor\ImGui\imgui.h" />
    <ClInclude Include="Vendor\ImGui\imgui_impl_glfw.h" />
    <ClInclude Include="Vendor\ImGui\imgui_impl_opengl3.h" />
    <ClInclude Include="Vendor\ImGui\imgui_internal.h" />
    <ClInclude Include="Vendor\ImGui\imstb_rectpack.h" />
    <ClInclude Include="Vendor\ImGui\imstb_textedit.h" />
    <ClInclude Include="Vendor\ImGui\imstb_truetype.h" />
    <ClInclude Include="Vendor\stb\stb_image.h" />
    <ClInclude Include="Collision\AABB.h" />
    <ClInclude Include="GameObjects\Box.h" />
    <ClInclude Include="GameObjects\GameObject.h" />
    <ClInclude Include="GameObjects\GameObjectManager.h" />
    <ClInclude Include="GameObjects\Player.h" />
    <ClInclude Include="Graphics\Framebuffer.h" />
    <ClInclude Include="Graphics\LightManager.h" />
    <ClInclude Include="Globals\Settings.h" />
    <ClInclude Include="GameObjects\LightSphere.h" />
    <ClInclude Include="Utility\Ray.h" />
    <ClInclude Include="Utility\Randomizer.h" />
    <ClInclude Include="GameObjects\Room.h" />
    <ClInclude Include="Globals\LightTypes.h" />
    <ClInclude Include="Graphics\Effects.h" />
    <ClInclude Include="GameObjects\Enemies\Walker.h" />
    <ClInclude Include="Collision\HitData.h" />
    <ClInclude Include="GameObjects\Enemies\Shooter.h" />
    <ClInclude Include="Graphics\Effects.h" />
    <ClInclude Include="Graphics\Emitter.h" />
    <ClInclude Include="UserInterface\Button.h" />
    <ClInclude Include="Utility\UICamera.h" />
    <ClInclude Include="UserInterface\UI.h" />
    <ClInclude Include="UserInterface\UIManager.h" />
    <ClInclude Include="UserInterface\Image.h" />
    <ClInclude Include="FbxImporter\FBXBinReader.h" />
    <ClInclude Include="FbxImporter\FBXParser.h" />
  </ItemGroup>
</Project>